// !$*UTF8*$!
{
	archiveVersion = 1;
	classes = {
	};
	objectVersion = 50;
	objects = {

/* Begin PBXBuildFile section */
		84438C8124ECA0A100DFA5EA /* AppDelegate.swift in Sources */ = {isa = PBXBuildFile; fileRef = 84438C8024ECA0A100DFA5EA /* AppDelegate.swift */; };
		84438C8324ECA0A100DFA5EA /* SceneDelegate.swift in Sources */ = {isa = PBXBuildFile; fileRef = 84438C8224ECA0A100DFA5EA /* SceneDelegate.swift */; };
		84438C8524ECA0A100DFA5EA /* ViewController.swift in Sources */ = {isa = PBXBuildFile; fileRef = 84438C8424ECA0A100DFA5EA /* ViewController.swift */; };
		84438C8824ECA0A100DFA5EA /* Main.storyboard in Resources */ = {isa = PBXBuildFile; fileRef = 84438C8624ECA0A100DFA5EA /* Main.storyboard */; };
		84438C8A24ECA0A300DFA5EA /* Assets.xcassets in Resources */ = {isa = PBXBuildFile; fileRef = 84438C8924ECA0A300DFA5EA /* Assets.xcassets */; };
		84438C8D24ECA0A300DFA5EA /* LaunchScreen.storyboard in Resources */ = {isa = PBXBuildFile; fileRef = 84438C8B24ECA0A300DFA5EA /* LaunchScreen.storyboard */; };
		84438C9824ECA0A300DFA5EA /* WorldTrotterTests.swift in Sources */ = {isa = PBXBuildFile; fileRef = 84438C9724ECA0A300DFA5EA /* WorldTrotterTests.swift */; };
		84438CA324ECA0A300DFA5EA /* WorldTrotterUITests.swift in Sources */ = {isa = PBXBuildFile; fileRef = 84438CA224ECA0A300DFA5EA /* WorldTrotterUITests.swift */; };
/* End PBXBuildFile section */

/* Begin PBXContainerItemProxy section */
		84438C9424ECA0A300DFA5EA /* PBXContainerItemProxy */ = {
			isa = PBXContainerItemProxy;
			containerPortal = 84438C7524ECA0A100DFA5EA /* Project object */;
			proxyType = 1;
			remoteGlobalIDString = 84438C7C24ECA0A100DFA5EA;
			remoteInfo = WorldTrotter;
		};
		84438C9F24ECA0A300DFA5EA /* PBXContainerItemProxy */ = {
			isa = PBXContainerItemProxy;
			containerPortal = 84438C7524ECA0A100DFA5EA /* Project object */;
			proxyType = 1;
			remoteGlobalIDString = 84438C7C24ECA0A100DFA5EA;
			remoteInfo = WorldTrotter;
		};
/* End PBXContainerItemProxy section */

/* Begin PBXFileReference section */
		84438C7D24ECA0A100DFA5EA /* WorldTrotter.app */ = {isa = PBXFileReference; explicitFileType = wrapper.application; includeInIndex = 0; path = WorldTrotter.app; sourceTree = BUILT_PRODUCTS_DIR; };
		84438C8024ECA0A100DFA5EA /* AppDelegate.swift */ = {isa = PBXFileReference; lastKnownFileType = sourcecode.swift; path = AppDelegate.swift; sourceTree = "<group>"; };
		84438C8224ECA0A100DFA5EA /* SceneDelegate.swift */ = {isa = PBXFileReference; lastKnownFileType = sourcecode.swift; path = SceneDelegate.swift; sourceTree = "<group>"; };
		84438C8424ECA0A100DFA5EA /* ViewController.swift */ = {isa = PBXFileReference; lastKnownFileType = sourcecode.swift; path = ViewController.swift; sourceTree = "<group>"; };
		84438C8724ECA0A100DFA5EA /* Base */ = {isa = PBXFileReference; lastKnownFileType = file.storyboard; name = Base; path = Base.lproj/Main.storyboard; sourceTree = "<group>"; };
		84438C8924ECA0A300DFA5EA /* Assets.xcassets */ = {isa = PBXFileReference; lastKnownFileType = folder.assetcatalog; path = Assets.xcassets; sourceTree = "<group>"; };
		84438C8C24ECA0A300DFA5EA /* Base */ = {isa = PBXFileReference; lastKnownFileType = file.storyboard; name = Base; path = Base.lproj/LaunchScreen.storyboard; sourceTree = "<group>"; };
		84438C8E24ECA0A300DFA5EA /* Info.plist */ = {isa = PBXFileReference; lastKnownFileType = text.plist.xml; path = Info.plist; sourceTree = "<group>"; };
		84438C9324ECA0A300DFA5EA /* WorldTrotterTests.xctest */ = {isa = PBXFileReference; explicitFileType = wrapper.cfbundle; includeInIndex = 0; path = WorldTrotterTests.xctest; sourceTree = BUILT_PRODUCTS_DIR; };
		84438C9724ECA0A300DFA5EA /* WorldTrotterTests.swift */ = {isa = PBXFileReference; lastKnownFileType = sourcecode.swift; path = WorldTrotterTests.swift; sourceTree = "<group>"; };
		84438C9924ECA0A300DFA5EA /* Info.plist */ = {isa = PBXFileReference; lastKnownFileType = text.plist.xml; path = Info.plist; sourceTree = "<group>"; };
		84438C9E24ECA0A300DFA5EA /* WorldTrotterUITests.xctest */ = {isa = PBXFileReference; explicitFileType = wrapper.cfbundle; includeInIndex = 0; path = WorldTrotterUITests.xctest; sourceTree = BUILT_PRODUCTS_DIR; };
		84438CA224ECA0A300DFA5EA /* WorldTrotterUITests.swift */ = {isa = PBXFileReference; lastKnownFileType = sourcecode.swift; path = WorldTrotterUITests.swift; sourceTree = "<group>"; };
		84438CA424ECA0A300DFA5EA /* Info.plist */ = {isa = PBXFileReference; lastKnownFileType = text.plist.xml; path = Info.plist; sourceTree = "<group>"; };
/* End PBXFileReference section */

/* Begin PBXFrameworksBuildPhase section */
		84438C7A24ECA0A100DFA5EA /* Frameworks */ = {
			isa = PBXFrameworksBuildPhase;
			buildActionMask = 2147483647;
			files = (
			);
			runOnlyForDeploymentPostprocessing = 0;
		};
		84438C9024ECA0A300DFA5EA /* Frameworks */ = {
			isa = PBXFrameworksBuildPhase;
			buildActionMask = 2147483647;
			files = (
			);
			runOnlyForDeploymentPostprocessing = 0;
		};
		84438C9B24ECA0A300DFA5EA /* Frameworks */ = {
			isa = PBXFrameworksBuildPhase;
			buildActionMask = 2147483647;
			files = (
			);
			runOnlyForDeploymentPostprocessing = 0;
		};
/* End PBXFrameworksBuildPhase section */

/* Begin PBXGroup section */
		84438C7424ECA0A100DFA5EA = {
			isa = PBXGroup;
			children = (
				84438C7F24ECA0A100DFA5EA /* WorldTrotter */,
				84438C9624ECA0A300DFA5EA /* WorldTrotterTests */,
				84438CA124ECA0A300DFA5EA /* WorldTrotterUITests */,
				84438C7E24ECA0A100DFA5EA /* Products */,
			);
			sourceTree = "<group>";
		};
		84438C7E24ECA0A100DFA5EA /* Products */ = {
			isa = PBXGroup;
			children = (
				84438C7D24ECA0A100DFA5EA /* WorldTrotter.app */,
				84438C9324ECA0A300DFA5EA /* WorldTrotterTests.xctest */,
				84438C9E24ECA0A300DFA5EA /* WorldTrotterUITests.xctest */,
			);
			name = Products;
			sourceTree = "<group>";
		};
		84438C7F24ECA0A100DFA5EA /* WorldTrotter */ = {
			isa = PBXGroup;
			children = (
				84438C8024ECA0A100DFA5EA /* AppDelegate.swift */,
				84438C8224ECA0A100DFA5EA /* SceneDelegate.swift */,
				84438C8424ECA0A100DFA5EA /* ViewController.swift */,
				84438C8624ECA0A100DFA5EA /* Main.storyboard */,
				84438C8924ECA0A300DFA5EA /* Assets.xcassets */,
				84438C8B24ECA0A300DFA5EA /* LaunchScreen.storyboard */,
				84438C8E24ECA0A300DFA5EA /* Info.plist */,
			);
			path = WorldTrotter;
			sourceTree = "<group>";
		};
		84438C9624ECA0A300DFA5EA /* WorldTrotterTests */ = {
			isa = PBXGroup;
			children = (
				84438C9724ECA0A300DFA5EA /* WorldTrotterTests.swift */,
				84438C9924ECA0A300DFA5EA /* Info.plist */,
			);
			path = WorldTrotterTests;
			sourceTree = "<group>";
		};
		84438CA124ECA0A300DFA5EA /* WorldTrotterUITests */ = {
			isa = PBXGroup;
			children = (
				84438CA224ECA0A300DFA5EA /* WorldTrotterUITests.swift */,
				84438CA424ECA0A300DFA5EA /* Info.plist */,
			);
			path = WorldTrotterUITests;
			sourceTree = "<group>";
		};
/* End PBXGroup section */

/* Begin PBXNativeTarget section */
		84438C7C24ECA0A100DFA5EA /* WorldTrotter */ = {
			isa = PBXNativeTarget;
			buildConfigurationList = 84438CA724ECA0A300DFA5EA /* Build configuration list for PBXNativeTarget "WorldTrotter" */;
			buildPhases = (
				84438C7924ECA0A100DFA5EA /* Sources */,
				84438C7A24ECA0A100DFA5EA /* Frameworks */,
				84438C7B24ECA0A100DFA5EA /* Resources */,
			);
			buildRules = (
			);
			dependencies = (
			);
			name = WorldTrotter;
			productName = WorldTrotter;
			productReference = 84438C7D24ECA0A100DFA5EA /* WorldTrotter.app */;
			productType = "com.apple.product-type.application";
		};
		84438C9224ECA0A300DFA5EA /* WorldTrotterTests */ = {
			isa = PBXNativeTarget;
			buildConfigurationList = 84438CAA24ECA0A300DFA5EA /* Build configuration list for PBXNativeTarget "WorldTrotterTests" */;
			buildPhases = (
				84438C8F24ECA0A300DFA5EA /* Sources */,
				84438C9024ECA0A300DFA5EA /* Frameworks */,
				84438C9124ECA0A300DFA5EA /* Resources */,
			);
			buildRules = (
			);
			dependencies = (
				84438C9524ECA0A300DFA5EA /* PBXTargetDependency */,
			);
			name = WorldTrotterTests;
			productName = WorldTrotterTests;
			productReference = 84438C9324ECA0A300DFA5EA /* WorldTrotterTests.xctest */;
			productType = "com.apple.product-type.bundle.unit-test";
		};
		84438C9D24ECA0A300DFA5EA /* WorldTrotterUITests */ = {
			isa = PBXNativeTarget;
			buildConfigurationList = 84438CAD24ECA0A300DFA5EA /* Build configuration list for PBXNativeTarget "WorldTrotterUITests" */;
			buildPhases = (
				84438C9A24ECA0A300DFA5EA /* Sources */,
				84438C9B24ECA0A300DFA5EA /* Frameworks */,
				84438C9C24ECA0A300DFA5EA /* Resources */,
			);
			buildRules = (
			);
			dependencies = (
				84438CA024ECA0A300DFA5EA /* PBXTargetDependency */,
			);
			name = WorldTrotterUITests;
			productName = WorldTrotterUITests;
			productReference = 84438C9E24ECA0A300DFA5EA /* WorldTrotterUITests.xctest */;
			productType = "com.apple.product-type.bundle.ui-testing";
		};
/* End PBXNativeTarget section */

/* Begin PBXProject section */
		84438C7524ECA0A100DFA5EA /* Project object */ = {
			isa = PBXProject;
			attributes = {
				LastSwiftUpdateCheck = 1200;
				LastUpgradeCheck = 1200;
				TargetAttributes = {
					84438C7C24ECA0A100DFA5EA = {
						CreatedOnToolsVersion = 12.0;
					};
					84438C9224ECA0A300DFA5EA = {
						CreatedOnToolsVersion = 12.0;
						TestTargetID = 84438C7C24ECA0A100DFA5EA;
					};
					84438C9D24ECA0A300DFA5EA = {
						CreatedOnToolsVersion = 12.0;
						TestTargetID = 84438C7C24ECA0A100DFA5EA;
					};
				};
			};
			buildConfigurationList = 84438C7824ECA0A100DFA5EA /* Build configuration list for PBXProject "WorldTrotter" */;
			compatibilityVersion = "Xcode 9.3";
			developmentRegion = en;
			hasScannedForEncodings = 0;
			knownRegions = (
				en,
				Base,
			);
			mainGroup = 84438C7424ECA0A100DFA5EA;
			productRefGroup = 84438C7E24ECA0A100DFA5EA /* Products */;
			projectDirPath = "";
			projectRoot = "";
			targets = (
				84438C7C24ECA0A100DFA5EA /* WorldTrotter */,
				84438C9224ECA0A300DFA5EA /* WorldTrotterTests */,
				84438C9D24ECA0A300DFA5EA /* WorldTrotterUITests */,
			);
		};
/* End PBXProject section */

/* Begin PBXResourcesBuildPhase section */
		84438C7B24ECA0A100DFA5EA /* Resources */ = {
			isa = PBXResourcesBuildPhase;
			buildActionMask = 2147483647;
			files = (
				84438C8D24ECA0A300DFA5EA /* LaunchScreen.storyboard in Resources */,
				84438C8A24ECA0A300DFA5EA /* Assets.xcassets in Resources */,
				84438C8824ECA0A100DFA5EA /* Main.storyboard in Resources */,
			);
			runOnlyForDeploymentPostprocessing = 0;
		};
		84438C9124ECA0A300DFA5EA /* Resources */ = {
			isa = PBXResourcesBuildPhase;
			buildActionMask = 2147483647;
			files = (
			);
			runOnlyForDeploymentPostprocessing = 0;
		};
		84438C9C24ECA0A300DFA5EA /* Resources */ = {
			isa = PBXResourcesBuildPhase;
			buildActionMask = 2147483647;
			files = (
			);
			runOnlyForDeploymentPostprocessing = 0;
		};
/* End PBXResourcesBuildPhase section */

/* Begin PBXSourcesBuildPhase section */
		84438C7924ECA0A100DFA5EA /* Sources */ = {
			isa = PBXSourcesBuildPhase;
			buildActionMask = 2147483647;
			files = (
				84438C8524ECA0A100DFA5EA /* ViewController.swift in Sources */,
				84438C8124ECA0A100DFA5EA /* AppDelegate.swift in Sources */,
				84438C8324ECA0A100DFA5EA /* SceneDelegate.swift in Sources */,
			);
			runOnlyForDeploymentPostprocessing = 0;
		};
		84438C8F24ECA0A300DFA5EA /* Sources */ = {
			isa = PBXSourcesBuildPhase;
			buildActionMask = 2147483647;
			files = (
				84438C9824ECA0A300DFA5EA /* WorldTrotterTests.swift in Sources */,
			);
			runOnlyForDeploymentPostprocessing = 0;
		};
		84438C9A24ECA0A300DFA5EA /* Sources */ = {
			isa = PBXSourcesBuildPhase;
			buildActionMask = 2147483647;
			files = (
				84438CA324ECA0A300DFA5EA /* WorldTrotterUITests.swift in Sources */,
			);
			runOnlyForDeploymentPostprocessing = 0;
		};
/* End PBXSourcesBuildPhase section */

/* Begin PBXTargetDependency section */
		84438C9524ECA0A300DFA5EA /* PBXTargetDependency */ = {
			isa = PBXTargetDependency;
			target = 84438C7C24ECA0A100DFA5EA /* WorldTrotter */;
			targetProxy = 84438C9424ECA0A300DFA5EA /* PBXContainerItemProxy */;
		};
		84438CA024ECA0A300DFA5EA /* PBXTargetDependency */ = {
			isa = PBXTargetDependency;
			target = 84438C7C24ECA0A100DFA5EA /* WorldTrotter */;
			targetProxy = 84438C9F24ECA0A300DFA5EA /* PBXContainerItemProxy */;
		};
/* End PBXTargetDependency section */

/* Begin PBXVariantGroup section */
		84438C8624ECA0A100DFA5EA /* Main.storyboard */ = {
			isa = PBXVariantGroup;
			children = (
				84438C8724ECA0A100DFA5EA /* Base */,
			);
			name = Main.storyboard;
			sourceTree = "<group>";
		};
		84438C8B24ECA0A300DFA5EA /* LaunchScreen.storyboard */ = {
			isa = PBXVariantGroup;
			children = (
				84438C8C24ECA0A300DFA5EA /* Base */,
			);
			name = LaunchScreen.storyboard;
			sourceTree = "<group>";
		};
/* End PBXVariantGroup section */

/* Begin XCBuildConfiguration section */
		84438CA524ECA0A300DFA5EA /* Debug */ = {
			isa = XCBuildConfiguration;
			buildSettings = {
				ALWAYS_SEARCH_USER_PATHS = NO;
				CLANG_ANALYZER_NONNULL = YES;
				CLANG_ANALYZER_NUMBER_OBJECT_CONVERSION = YES_AGGRESSIVE;
				CLANG_CXX_LANGUAGE_STANDARD = "gnu++14";
				CLANG_CXX_LIBRARY = "libc++";
				CLANG_ENABLE_MODULES = YES;
				CLANG_ENABLE_OBJC_ARC = YES;
				CLANG_ENABLE_OBJC_WEAK = YES;
				CLANG_WARN_BLOCK_CAPTURE_AUTORELEASING = YES;
				CLANG_WARN_BOOL_CONVERSION = YES;
				CLANG_WARN_COMMA = YES;
				CLANG_WARN_CONSTANT_CONVERSION = YES;
				CLANG_WARN_DEPRECATED_OBJC_IMPLEMENTATIONS = YES;
				CLANG_WARN_DIRECT_OBJC_ISA_USAGE = YES_ERROR;
				CLANG_WARN_DOCUMENTATION_COMMENTS = YES;
				CLANG_WARN_EMPTY_BODY = YES;
				CLANG_WARN_ENUM_CONVERSION = YES;
				CLANG_WARN_INFINITE_RECURSION = YES;
				CLANG_WARN_INT_CONVERSION = YES;
				CLANG_WARN_NON_LITERAL_NULL_CONVERSION = YES;
				CLANG_WARN_OBJC_IMPLICIT_RETAIN_SELF = YES;
				CLANG_WARN_OBJC_LITERAL_CONVERSION = YES;
				CLANG_WARN_OBJC_ROOT_CLASS = YES_ERROR;
				CLANG_WARN_QUOTED_INCLUDE_IN_FRAMEWORK_HEADER = YES;
				CLANG_WARN_RANGE_LOOP_ANALYSIS = YES;
				CLANG_WARN_STRICT_PROTOTYPES = YES;
				CLANG_WARN_SUSPICIOUS_MOVE = YES;
				CLANG_WARN_UNGUARDED_AVAILABILITY = YES_AGGRESSIVE;
				CLANG_WARN_UNREACHABLE_CODE = YES;
				CLANG_WARN__DUPLICATE_METHOD_MATCH = YES;
				COPY_PHASE_STRIP = NO;
				DEBUG_INFORMATION_FORMAT = dwarf;
				ENABLE_STRICT_OBJC_MSGSEND = YES;
				ENABLE_TESTABILITY = YES;
				GCC_C_LANGUAGE_STANDARD = gnu11;
				GCC_DYNAMIC_NO_PIC = NO;
				GCC_NO_COMMON_BLOCKS = YES;
				GCC_OPTIMIZATION_LEVEL = 0;
				GCC_PREPROCESSOR_DEFINITIONS = (
					"DEBUG=1",
					"$(inherited)",
				);
				GCC_WARN_64_TO_32_BIT_CONVERSION = YES;
				GCC_WARN_ABOUT_RETURN_TYPE = YES_ERROR;
				GCC_WARN_UNDECLARED_SELECTOR = YES;
				GCC_WARN_UNINITIALIZED_AUTOS = YES_AGGRESSIVE;
				GCC_WARN_UNUSED_FUNCTION = YES;
				GCC_WARN_UNUSED_VARIABLE = YES;
				IPHONEOS_DEPLOYMENT_TARGET = 14.0;
				MTL_ENABLE_DEBUG_INFO = INCLUDE_SOURCE;
				MTL_FAST_MATH = YES;
				ONLY_ACTIVE_ARCH = YES;
				SDKROOT = iphoneos;
				SWIFT_ACTIVE_COMPILATION_CONDITIONS = DEBUG;
				SWIFT_OPTIMIZATION_LEVEL = "-Onone";
			};
			name = Debug;
		};
		84438CA624ECA0A300DFA5EA /* Release */ = {
			isa = XCBuildConfiguration;
			buildSettings = {
				ALWAYS_SEARCH_USER_PATHS = NO;
				CLANG_ANALYZER_NONNULL = YES;
				CLANG_ANALYZER_NUMBER_OBJECT_CONVERSION = YES_AGGRESSIVE;
				CLANG_CXX_LANGUAGE_STANDARD = "gnu++14";
				CLANG_CXX_LIBRARY = "libc++";
				CLANG_ENABLE_MODULES = YES;
				CLANG_ENABLE_OBJC_ARC = YES;
				CLANG_ENABLE_OBJC_WEAK = YES;
				CLANG_WARN_BLOCK_CAPTURE_AUTORELEASING = YES;
				CLANG_WARN_BOOL_CONVERSION = YES;
				CLANG_WARN_COMMA = YES;
				CLANG_WARN_CONSTANT_CONVERSION = YES;
				CLANG_WARN_DEPRECATED_OBJC_IMPLEMENTATIONS = YES;
				CLANG_WARN_DIRECT_OBJC_ISA_USAGE = YES_ERROR;
				CLANG_WARN_DOCUMENTATION_COMMENTS = YES;
				CLANG_WARN_EMPTY_BODY = YES;
				CLANG_WARN_ENUM_CONVERSION = YES;
				CLANG_WARN_INFINITE_RECURSION = YES;
				CLANG_WARN_INT_CONVERSION = YES;
				CLANG_WARN_NON_LITERAL_NULL_CONVERSION = YES;
				CLANG_WARN_OBJC_IMPLICIT_RETAIN_SELF = YES;
				CLANG_WARN_OBJC_LITERAL_CONVERSION = YES;
				CLANG_WARN_OBJC_ROOT_CLASS = YES_ERROR;
				CLANG_WARN_QUOTED_INCLUDE_IN_FRAMEWORK_HEADER = YES;
				CLANG_WARN_RANGE_LOOP_ANALYSIS = YES;
				CLANG_WARN_STRICT_PROTOTYPES = YES;
				CLANG_WARN_SUSPICIOUS_MOVE = YES;
				CLANG_WARN_UNGUARDED_AVAILABILITY = YES_AGGRESSIVE;
				CLANG_WARN_UNREACHABLE_CODE = YES;
				CLANG_WARN__DUPLICATE_METHOD_MATCH = YES;
				COPY_PHASE_STRIP = NO;
				DEBUG_INFORMATION_FORMAT = "dwarf-with-dsym";
				ENABLE_NS_ASSERTIONS = NO;
				ENABLE_STRICT_OBJC_MSGSEND = YES;
				GCC_C_LANGUAGE_STANDARD = gnu11;
				GCC_NO_COMMON_BLOCKS = YES;
				GCC_WARN_64_TO_32_BIT_CONVERSION = YES;
				GCC_WARN_ABOUT_RETURN_TYPE = YES_ERROR;
				GCC_WARN_UNDECLARED_SELECTOR = YES;
				GCC_WARN_UNINITIALIZED_AUTOS = YES_AGGRESSIVE;
				GCC_WARN_UNUSED_FUNCTION = YES;
				GCC_WARN_UNUSED_VARIABLE = YES;
				IPHONEOS_DEPLOYMENT_TARGET = 14.0;
				MTL_ENABLE_DEBUG_INFO = NO;
				MTL_FAST_MATH = YES;
				SDKROOT = iphoneos;
				SWIFT_COMPILATION_MODE = wholemodule;
				SWIFT_OPTIMIZATION_LEVEL = "-O";
				VALIDATE_PRODUCT = YES;
			};
			name = Release;
		};
		84438CA824ECA0A300DFA5EA /* Debug */ = {
			isa = XCBuildConfiguration;
			buildSettings = {
				ASSETCATALOG_COMPILER_APPICON_NAME = AppIcon;
				ASSETCATALOG_COMPILER_GLOBAL_ACCENT_COLOR_NAME = AccentColor;
				CODE_SIGN_STYLE = Automatic;
				INFOPLIST_FILE = WorldTrotter/Info.plist;
				LD_RUNPATH_SEARCH_PATHS = (
					"$(inherited)",
					"@executable_path/Frameworks",
				);
				PRODUCT_BUNDLE_IDENTIFIER = "Big-Nerd-Ranch.WorldTrotter";
				PRODUCT_NAME = "$(TARGET_NAME)";
				SWIFT_VERSION = 5.0;
				TARGETED_DEVICE_FAMILY = "1,2";
			};
			name = Debug;
		};
		84438CA924ECA0A300DFA5EA /* Release */ = {
			isa = XCBuildConfiguration;
			buildSettings = {
				ASSETCATALOG_COMPILER_APPICON_NAME = AppIcon;
				ASSETCATALOG_COMPILER_GLOBAL_ACCENT_COLOR_NAME = AccentColor;
				CODE_SIGN_STYLE = Automatic;
				INFOPLIST_FILE = WorldTrotter/Info.plist;
				LD_RUNPATH_SEARCH_PATHS = (
					"$(inherited)",
					"@executable_path/Frameworks",
				);
				PRODUCT_BUNDLE_IDENTIFIER = "Big-Nerd-Ranch.WorldTrotter";
				PRODUCT_NAME = "$(TARGET_NAME)";
				SWIFT_VERSION = 5.0;
				TARGETED_DEVICE_FAMILY = "1,2";
			};
			name = Release;
		};
		84438CAB24ECA0A300DFA5EA /* Debug */ = {
			isa = XCBuildConfiguration;
			buildSettings = {
				ALWAYS_EMBED_SWIFT_STANDARD_LIBRARIES = YES;
				BUNDLE_LOADER = "$(TEST_HOST)";
				CODE_SIGN_STYLE = Automatic;
				INFOPLIST_FILE = WorldTrotterTests/Info.plist;
				IPHONEOS_DEPLOYMENT_TARGET = 14.0;
				LD_RUNPATH_SEARCH_PATHS = (
					"$(inherited)",
					"@executable_path/Frameworks",
					"@loader_path/Frameworks",
				);
				PRODUCT_BUNDLE_IDENTIFIER = "Big-Nerd-Ranch.WorldTrotterTests";
				PRODUCT_NAME = "$(TARGET_NAME)";
				SWIFT_VERSION = 5.0;
				TARGETED_DEVICE_FAMILY = "1,2";
				TEST_HOST = "$(BUILT_PRODUCTS_DIR)/WorldTrotter.app/WorldTrotter";
			};
			name = Debug;
		};
		84438CAC24ECA0A300DFA5EA /* Release */ = {
			isa = XCBuildConfiguration;
			buildSettings = {
				ALWAYS_EMBED_SWIFT_STANDARD_LIBRARIES = YES;
				BUNDLE_LOADER = "$(TEST_HOST)";
				CODE_SIGN_STYLE = Automatic;
				INFOPLIST_FILE = WorldTrotterTests/Info.plist;
				IPHONEOS_DEPLOYMENT_TARGET = 14.0;
				LD_RUNPATH_SEARCH_PATHS = (
					"$(inherited)",
					"@executable_path/Frameworks",
					"@loader_path/Frameworks",
				);
				PRODUCT_BUNDLE_IDENTIFIER = "Big-Nerd-Ranch.WorldTrotterTests";
				PRODUCT_NAME = "$(TARGET_NAME)";
				SWIFT_VERSION = 5.0;
				TARGETED_DEVICE_FAMILY = "1,2";
				TEST_HOST = "$(BUILT_PRODUCTS_DIR)/WorldTrotter.app/WorldTrotter";
			};
			name = Release;
		};
		84438CAE24ECA0A300DFA5EA /* Debug */ = {
			isa = XCBuildConfiguration;
			buildSettings = {
				ALWAYS_EMBED_SWIFT_STANDARD_LIBRARIES = YES;
				CODE_SIGN_STYLE = Automatic;
				INFOPLIST_FILE = WorldTrotterUITests/Info.plist;
				LD_RUNPATH_SEARCH_PATHS = (
					"$(inherited)",
					"@executable_path/Frameworks",
					"@loader_path/Frameworks",
				);
				PRODUCT_BUNDLE_IDENTIFIER = "Big-Nerd-Ranch.WorldTrotterUITests";
				PRODUCT_NAME = "$(TARGET_NAME)";
				SWIFT_VERSION = 5.0;
				TARGETED_DEVICE_FAMILY = "1,2";
				TEST_TARGET_NAME = WorldTrotter;
			};
			name = Debug;
		};
		84438CAF24ECA0A300DFA5EA /* Release */ = {
			isa = XCBuildConfiguration;
			buildSettings = {
				ALWAYS_EMBED_SWIFT_STANDARD_LIBRARIES = YES;
				CODE_SIGN_STYLE = Automatic;
				INFOPLIST_FILE = WorldTrotterUITests/Info.plist;
				LD_RUNPATH_SEARCH_PATHS = (
					"$(inherited)",
					"@executable_path/Frameworks",
					"@loader_path/Frameworks",
				);
				PRODUCT_BUNDLE_IDENTIFIER = "Big-Nerd-Ranch.WorldTrotterUITests";
				PRODUCT_NAME = "$(TARGET_NAME)";
				SWIFT_VERSION = 5.0;
				TARGETED_DEVICE_FAMILY = "1,2";
				TEST_TARGET_NAME = WorldTrotter;
			};
			name = Release;
		};
/* End XCBuildConfiguration section */

/* Begin XCConfigurationList section */
		84438C7824ECA0A100DFA5EA /* Build configuration list for PBXProject "WorldTrotter" */ = {
			isa = XCConfigurationList;
			buildConfigurations = (
				84438CA524ECA0A300DFA5EA /* Debug */,
				84438CA624ECA0A300DFA5EA /* Release */,
			);
			defaultConfigurationIsVisible = 0;
			defaultConfigurationName = Release;
		};
		84438CA724ECA0A300DFA5EA /* Build configuration list for PBXNativeTarget "WorldTrotter" */ = {
			isa = XCConfigurationList;
			buildConfigurations = (
				84438CA824ECA0A300DFA5EA /* Debug */,
				84438CA924ECA0A300DFA5EA /* Release */,
			);
			defaultConfigurationIsVisible = 0;
			defaultConfigurationName = Release;
		};
		84438CAA24ECA0A300DFA5EA /* Build configuration list for PBXNativeTarget "WorldTrotterTests" */ = {
			isa = XCConfigurationList;
			buildConfigurations = (
				84438CAB24ECA0A300DFA5EA /* Debug */,
				84438CAC24ECA0A300DFA5EA /* Release */,
			);
			defaultConfigurationIsVisible = 0;
			defaultConfigurationName = Release;
		};
		84438CAD24ECA0A300DFA5EA /* Build configuration list for PBXNativeTarget "WorldTrotterUITests" */ = {
			isa = XCConfigurationList;
			buildConfigurations = (
				84438CAE24ECA0A300DFA5EA /* Debug */,
				84438CAF24ECA0A300DFA5EA /* Release */,
			);
			defaultConfigurationIsVisible = 0;
			defaultConfigurationName = Release;
		};
/* End XCConfigurationList section */
	};
	rootObject = 84438C7524ECA0A100DFA5EA /* Project object */;
}
